
Microsoft Visual Studio Solution File, Format Version 12.00
# Visual Studio 15
Project("{FAE04EC0-301F-11D3-BF4B-00C04F79EFBC}") = "Assembly-CSharp", "Assembly-CSharp.csproj", "{A080E321-F6D0-892C-3F87-EF3FEF59D5A0}"
EndProject
Project("{FAE04EC0-301F-11D3-BF4B-00C04F79EFBC}") = "Assembly-CSharp-Editor", "Assembly-CSharp-Editor.csproj", "{EC3ACFF8-2F70-E01E-EA19-3EE0BD7DC5B9}"
EndProject
Global
	GlobalSection(SolutionConfigurationPlatforms) = preSolution
		Debug|Any CPU = Debug|Any CPU
		Release|Any CPU = Release|Any CPU
	EndGlobalSection
	GlobalSection(ProjectConfigurationPlatforms) = postSolution
		{A080E321-F6D0-892C-3F87-EF3FEF59D5A0}.Debug|Any CPU.ActiveCfg = Debug|Any CPU
		{A080E321-F6D0-892C-3F87-EF3FEF59D5A0}.Debug|Any CPU.Build.0 = Debug|Any CPU
		{A080E321-F6D0-892C-3F87-EF3FEF59D5A0}.Release|Any CPU.ActiveCfg = Release|Any CPU
		{A080E321-F6D0-892C-3F87-EF3FEF59D5A0}.Release|Any CPU.Build.0 = Release|Any CPU
		{EC3ACFF8-2F70-E01E-EA19-3EE0BD7DC5B9}.Debug|Any CPU.ActiveCfg = Debug|Any CPU
		{EC3ACFF8-2F70-E01E-EA19-3EE0BD7DC5B9}.Debug|Any CPU.Build.0 = Debug|Any CPU
		{EC3ACFF8-2F70-E01E-EA19-3EE0BD7DC5B9}.Release|Any CPU.ActiveCfg = Release|Any CPU
		{EC3ACFF8-2F70-E01E-EA19-3EE0BD7DC5B9}.Release|Any CPU.Build.0 = Release|Any CPU
	EndGlobalSection
	GlobalSection(SolutionProperties) = preSolution
		HideSolutionNode = FALSE
	EndGlobalSection
EndGlobal
